// !$*UTF8*$!
{
	archiveVersion = 1;
	classes = {
	};
	objectVersion = 46;
	objects = {

/* Begin PBXBuildFile section */
		081195561900A9F700C27778 /* icon114.png in Resources */ = {isa = PBXBuildFile; fileRef = 081195501900A9F700C27778 /* icon114.png */; };
		081195571900A9F700C27778 /* icon120.png in Resources */ = {isa = PBXBuildFile; fileRef = 081195511900A9F700C27778 /* icon120.png */; };
		081195581900A9F700C27778 /* icon29.png in Resources */ = {isa = PBXBuildFile; fileRef = 081195521900A9F700C27778 /* icon29.png */; };
		081195591900A9F700C27778 /* icon57.png in Resources */ = {isa = PBXBuildFile; fileRef = 081195531900A9F700C27778 /* icon57.png */; };
		0811955A1900A9F700C27778 /* icon58.png in Resources */ = {isa = PBXBuildFile; fileRef = 081195541900A9F700C27778 /* icon58.png */; };
		0811955B1900A9F700C27778 /* icon80.png in Resources */ = {isa = PBXBuildFile; fileRef = 081195551900A9F700C27778 /* icon80.png */; };
		0811955E1900B41500C27778 /* dismissableTips.m in Sources */ = {isa = PBXBuildFile; fileRef = 0811955D1900B41500C27778 /* dismissableTips.m */; settings = {COMPILER_FLAGS = "-fobjc-arc"; }; };
		081195611900B94A00C27778 /* tipsLabel.m in Sources */ = {isa = PBXBuildFile; fileRef = 081195601900B94A00C27778 /* tipsLabel.m */; settings = {COMPILER_FLAGS = "-fobjc-arc"; }; };
		081E015F191F5F6C0055DBC4 /* albumListView.m in Sources */ = {isa = PBXBuildFile; fileRef = 081E015E191F5F6C0055DBC4 /* albumListView.m */; };
		081E0162191F5F950055DBC4 /* listHeaderView.m in Sources */ = {isa = PBXBuildFile; fileRef = 081E0161191F5F950055DBC4 /* listHeaderView.m */; };
		081E0164191F62DF0055DBC4 /* listHeader.png in Resources */ = {isa = PBXBuildFile; fileRef = 081E0163191F62DF0055DBC4 /* listHeader.png */; };
		081E0166191F6C2F0055DBC4 /* effier.jpg in Resources */ = {isa = PBXBuildFile; fileRef = 081E0165191F6C2F0055DBC4 /* effier.jpg */; };
		081E016A191F74CB0055DBC4 /* photoGroupInfoObj.m in Sources */ = {isa = PBXBuildFile; fileRef = 081E0169191F74CB0055DBC4 /* photoGroupInfoObj.m */; };
		0821B90C191B1ED8006AB758 /* NormalCircle.m in Sources */ = {isa = PBXBuildFile; fileRef = 0821B905191B1ED8006AB758 /* NormalCircle.m */; settings = {COMPILER_FLAGS = "-fobjc-arc"; }; };
		0821B90D191B1ED8006AB758 /* SPLine.m in Sources */ = {isa = PBXBuildFile; fileRef = 0821B907191B1ED8006AB758 /* SPLine.m */; settings = {COMPILER_FLAGS = "-fobjc-arc"; }; };
		0821B90E191B1ED8006AB758 /* SPLockOverlay.m in Sources */ = {isa = PBXBuildFile; fileRef = 0821B909191B1ED8006AB758 /* SPLockOverlay.m */; settings = {COMPILER_FLAGS = "-fobjc-arc"; }; };
		0821B90F191B1ED8006AB758 /* SPLockScreen.m in Sources */ = {isa = PBXBuildFile; fileRef = 0821B90B191B1ED8006AB758 /* SPLockScreen.m */; settings = {COMPILER_FLAGS = "-fobjc-arc"; }; };
		0821B914191B2281006AB758 /* gestureCodeSettingView.m in Sources */ = {isa = PBXBuildFile; fileRef = 0821B911191B2281006AB758 /* gestureCodeSettingView.m */; settings = {COMPILER_FLAGS = "-fobjc-arc"; }; };
		0821B915191B2281006AB758 /* gestureCodeVerifyView.m in Sources */ = {isa = PBXBuildFile; fileRef = 0821B913191B2281006AB758 /* gestureCodeVerifyView.m */; settings = {COMPILER_FLAGS = "-fobjc-arc"; }; };
		0821B918191B23B6006AB758 /* UICKeyChainStore.m in Sources */ = {isa = PBXBuildFile; fileRef = 0821B917191B23B6006AB758 /* UICKeyChainStore.m */; settings = {COMPILER_FLAGS = "-fobjc-arc"; }; };
		0821B91A191B247E006AB758 /* Security.framework in Frameworks */ = {isa = PBXBuildFile; fileRef = 0821B919191B247E006AB758 /* Security.framework */; };
		08231BCF192060B9007F2B7F /* photoMetaDataObj.m in Sources */ = {isa = PBXBuildFile; fileRef = 08231BCE192060B9007F2B7F /* photoMetaDataObj.m */; };
		08231BD219206175007F2B7F /* photoDataMgr.m in Sources */ = {isa = PBXBuildFile; fileRef = 08231BD119206174007F2B7F /* photoDataMgr.m */; };
		08231BD61920FAC5007F2B7F /* portrait@2x.png in Resources */ = {isa = PBXBuildFile; fileRef = 08231BD51920FAC5007F2B7F /* portrait@2x.png */; };
		0831CF4F1921B07B00EA87B1 /* add@2x.png in Resources */ = {isa = PBXBuildFile; fileRef = 0831CF481921B07B00EA87B1 /* add@2x.png */; };
		0831CF501921B07B00EA87B1 /* balls@2x.png in Resources */ = {isa = PBXBuildFile; fileRef = 0831CF491921B07B00EA87B1 /* balls@2x.png */; };
		0831CF511921B07B00EA87B1 /* bg@2x.png in Resources */ = {isa = PBXBuildFile; fileRef = 0831CF4A1921B07B00EA87B1 /* bg@2x.png */; };
		0831CF521921B07B00EA87B1 /* camera@2x.png in Resources */ = {isa = PBXBuildFile; fileRef = 0831CF4B1921B07B00EA87B1 /* camera@2x.png */; };
		0831CF531921B07B00EA87B1 /* dateTitleBg@2x.png in Resources */ = {isa = PBXBuildFile; fileRef = 0831CF4C1921B07B00EA87B1 /* dateTitleBg@2x.png */; };
		0831CF541921B07B00EA87B1 /* paris70@2x.png in Resources */ = {isa = PBXBuildFile; fileRef = 0831CF4D1921B07B00EA87B1 /* paris70@2x.png */; };
		0831CF551921B07B00EA87B1 /* thumbnilBg@2x.png in Resources */ = {isa = PBXBuildFile; fileRef = 0831CF4E1921B07B00EA87B1 /* thumbnilBg@2x.png */; };
		08320E701914C6B500066C83 /* ImageIO.framework in Frameworks */ = {isa = PBXBuildFile; fileRef = 08320E6F1914C6B500066C83 /* ImageIO.framework */; };
		08320E981914DF1A00066C83 /* thumbImageHelper.m in Sources */ = {isa = PBXBuildFile; fileRef = 08320E971914DF1A00066C83 /* thumbImageHelper.m */; };
		0842994E191A358A00E1EDDF /* settingView.m in Sources */ = {isa = PBXBuildFile; fileRef = 0842994D191A358A00E1EDDF /* settingView.m */; };
		08429951191A363600E1EDDF /* topbarView.m in Sources */ = {isa = PBXBuildFile; fileRef = 08429950191A363600E1EDDF /* topbarView.m */; settings = {COMPILER_FLAGS = "-fobjc-arc"; }; };
		08429954191A368600E1EDDF /* baseView.m in Sources */ = {isa = PBXBuildFile; fileRef = 08429953191A368600E1EDDF /* baseView.m */; settings = {COMPILER_FLAGS = "-fobjc-arc"; }; };
		08429957191A36C600E1EDDF /* UIApplication+utility.m in Sources */ = {isa = PBXBuildFile; fileRef = 08429956191A36C600E1EDDF /* UIApplication+utility.m */; settings = {COMPILER_FLAGS = "-fobjc-arc"; }; };
		08429962191A3DD600E1EDDF /* UIColor+utility.m in Sources */ = {isa = PBXBuildFile; fileRef = 08429961191A3DD600E1EDDF /* UIColor+utility.m */; settings = {COMPILER_FLAGS = "-fobjc-arc"; }; };
		0856C53C191E35A600BA6A24 /* displayViewIndication@2x.png in Resources */ = {isa = PBXBuildFile; fileRef = 0856C53A191E35A600BA6A24 /* displayViewIndication@2x.png */; };
		0856C53D191E35A600BA6A24 /* listViewIndication@2x.png in Resources */ = {isa = PBXBuildFile; fileRef = 0856C53B191E35A600BA6A24 /* listViewIndication@2x.png */; };
		08645EDD190A6D5D005F3025 /* myDocument.m in Sources */ = {isa = PBXBuildFile; fileRef = 08645EDC190A6D5D005F3025 /* myDocument.m */; };
		0866B57B19079EF40056ABB1 /* appInfoObj.m in Sources */ = {isa = PBXBuildFile; fileRef = 0866B57A19079EF40056ABB1 /* appInfoObj.m */; };
		0898ABAE1901121B00268357 /* StoreKit.framework in Frameworks */ = {isa = PBXBuildFile; fileRef = 0898ABAD1901121B00268357 /* StoreKit.framework */; };
		0898ABB21901130000268357 /* iAPHelper.m in Sources */ = {isa = PBXBuildFile; fileRef = 0898ABB11901130000268357 /* iAPHelper.m */; };
		0898ABB419011F6600268357 /* SystemConfiguration.framework in Frameworks */ = {isa = PBXBuildFile; fileRef = 0898ABB319011F6600268357 /* SystemConfiguration.framework */; };
		0898ABB81901447000268357 /* funcVC.m in Sources */ = {isa = PBXBuildFile; fileRef = 0898ABB71901447000268357 /* funcVC.m */; };
		0898ABBB1901476000268357 /* iapVC.m in Sources */ = {isa = PBXBuildFile; fileRef = 0898ABBA1901476000268357 /* iapVC.m */; };
		0898ABBE19014ABE00268357 /* MBProgressHUD.m in Sources */ = {isa = PBXBuildFile; fileRef = 0898ABBD19014ABE00268357 /* MBProgressHUD.m */; };
		08A8D11B191E14560098C4EA /* indicationView.m in Sources */ = {isa = PBXBuildFile; fileRef = 08A8D11A191E14560098C4EA /* indicationView.m */; };
		08A8D11E191E1AE80098C4EA /* close@2x.png in Resources */ = {isa = PBXBuildFile; fileRef = 08A8D11D191E1AE80098C4EA /* close@2x.png */; };
		08A8D121191E1E730098C4EA /* captureViewIndication@2x.png in Resources */ = {isa = PBXBuildFile; fileRef = 08A8D123191E1E730098C4EA /* captureViewIndication@2x.png */; };
		08C69C391907E9DF0043D95B /* icloudHelper.m in Sources */ = {isa = PBXBuildFile; fileRef = 08C69C381907E9DF0043D95B /* icloudHelper.m */; };
		08ECC454191E2DEF00E7615A /* Localizable.strings in Resources */ = {isa = PBXBuildFile; fileRef = 08ECC456191E2DEF00E7615A /* Localizable.strings */; };
		5D01EDD518294D52000C3094 /* pageMgrView.m in Sources */ = {isa = PBXBuildFile; fileRef = 5D01EDD418294D52000C3094 /* pageMgrView.m */; };
		5D01EDD81829D7D4000C3094 /* listView.m in Sources */ = {isa = PBXBuildFile; fileRef = 5D01EDD71829D7D4000C3094 /* listView.m */; };
		5D01EDDA182A8BA3000C3094 /* CoreMedia.framework in Frameworks */ = {isa = PBXBuildFile; fileRef = 5D01EDD9182A8BA3000C3094 /* CoreMedia.framework */; };
		5D1740B518371226000F0673 /* locationMgr.m in Sources */ = {isa = PBXBuildFile; fileRef = 5D1740B418371226000F0673 /* locationMgr.m */; };
		5D1740B8183712E5000F0673 /* CoreLocation.framework in Frameworks */ = {isa = PBXBuildFile; fileRef = 5D1740B6183712E5000F0673 /* CoreLocation.framework */; };
		5D1740B9183712E5000F0673 /* MapKit.framework in Frameworks */ = {isa = PBXBuildFile; fileRef = 5D1740B7183712E5000F0673 /* MapKit.framework */; };
		5D1907AD184381B000CA19EB /* albumGroup.m in Sources */ = {isa = PBXBuildFile; fileRef = 5D1907AC184381B000CA19EB /* albumGroup.m */; };
		5D1907B01843826B00CA19EB /* album.m in Sources */ = {isa = PBXBuildFile; fileRef = 5D1907AF1843826B00CA19EB /* album.m */; };
		5D1907B31844DE9200CA19EB /* UIImage+UIImageScale.m in Sources */ = {isa = PBXBuildFile; fileRef = 5D1907B21844DE9100CA19EB /* UIImage+UIImageScale.m */; };
		5D1907B51844FFFF00CA19EB /* bg_mv_playpage_process_transparent@2x.png in Resources */ = {isa = PBXBuildFile; fileRef = 5D1907B41844FFFE00CA19EB /* bg_mv_playpage_process_transparent@2x.png */; };
		5D1907BB1845032400CA19EB /* IMG_0344.PNG in Resources */ = {isa = PBXBuildFile; fileRef = 5D1907BA1845032400CA19EB /* IMG_0344.PNG */; };
		5D19080818465CEC00CA19EB /* photoView.m in Sources */ = {isa = PBXBuildFile; fileRef = 5D19080718465CEB00CA19EB /* photoView.m */; };
		5D19080B18465F0500CA19EB /* photoDisplayView.m in Sources */ = {isa = PBXBuildFile; fileRef = 5D19080A18465F0500CA19EB /* photoDisplayView.m */; };
		5D203B37182E0AC400F33158 /* AssetsLibrary.framework in Frameworks */ = {isa = PBXBuildFile; fileRef = 5D203B36182E0AC400F33158 /* AssetsLibrary.framework */; };
		5D3DA5EA18265C4B008FCB17 /* UIKit.framework in Frameworks */ = {isa = PBXBuildFile; fileRef = 5D3DA5E918265C4B008FCB17 /* UIKit.framework */; };
		5D3DA5EC18265C4B008FCB17 /* Foundation.framework in Frameworks */ = {isa = PBXBuildFile; fileRef = 5D3DA5EB18265C4B008FCB17 /* Foundation.framework */; };
		5D3DA5EE18265C4B008FCB17 /* CoreGraphics.framework in Frameworks */ = {isa = PBXBuildFile; fileRef = 5D3DA5ED18265C4B008FCB17 /* CoreGraphics.framework */; };
		5D3DA5F418265C4B008FCB17 /* InfoPlist.strings in Resources */ = {isa = PBXBuildFile; fileRef = 5D3DA5F218265C4B008FCB17 /* InfoPlist.strings */; };
		5D3DA5F618265C4B008FCB17 /* main.m in Sources */ = {isa = PBXBuildFile; fileRef = 5D3DA5F518265C4B008FCB17 /* main.m */; };
		5D3DA5FA18265C4B008FCB17 /* AppDelegate.m in Sources */ = {isa = PBXBuildFile; fileRef = 5D3DA5F918265C4B008FCB17 /* AppDelegate.m */; };
		5D3DA5FC18265C4B008FCB17 /* Default.png in Resources */ = {isa = PBXBuildFile; fileRef = 5D3DA5FB18265C4B008FCB17 /* Default.png */; };
		5D3DA5FE18265C4B008FCB17 /* Default@2x.png in Resources */ = {isa = PBXBuildFile; fileRef = 5D3DA5FD18265C4B008FCB17 /* Default@2x.png */; };
		5D3DA60018265C4B008FCB17 /* Default-568h@2x.png in Resources */ = {isa = PBXBuildFile; fileRef = 5D3DA5FF18265C4B008FCB17 /* Default-568h@2x.png */; };
		5D3DA60318265C4B008FCB17 /* ViewController.m in Sources */ = {isa = PBXBuildFile; fileRef = 5D3DA60218265C4B008FCB17 /* ViewController.m */; };
		5D3DA60618265C4B008FCB17 /* ViewController.xib in Resources */ = {isa = PBXBuildFile; fileRef = 5D3DA60418265C4B008FCB17 /* ViewController.xib */; };
		5D3DA60E18265E3F008FCB17 /* captureView.m in Sources */ = {isa = PBXBuildFile; fileRef = 5D3DA60D18265E3F008FCB17 /* captureView.m */; };
		5D3DA61618267445008FCB17 /* AVFoundation.framework in Frameworks */ = {isa = PBXBuildFile; fileRef = 5D3DA61518267445008FCB17 /* AVFoundation.framework */; };
		5D3DA61918269D48008FCB17 /* dataManager.m in Sources */ = {isa = PBXBuildFile; fileRef = 5D3DA61818269D47008FCB17 /* dataManager.m */; };
		5D3DA61B18273475008FCB17 /* CoreAudio.framework in Frameworks */ = {isa = PBXBuildFile; fileRef = 5D3DA61A18273475008FCB17 /* CoreAudio.framework */; };
		5D3DA61D18273EFC008FCB17 /* CoreVideo.framework in Frameworks */ = {isa = PBXBuildFile; fileRef = 5D3DA61C18273EFC008FCB17 /* CoreVideo.framework */; };
		5D4770E51853779900A06C23 /* titleValueView.m in Sources */ = {isa = PBXBuildFile; fileRef = 5D4770E41853779900A06C23 /* titleValueView.m */; };
		5D4770E818537DF000A06C23 /* autoSizeLabel.m in Sources */ = {isa = PBXBuildFile; fileRef = 5D4770E718537DF000A06C23 /* autoSizeLabel.m */; };
		5D4770EB18540CAA00A06C23 /* photoInfoView.m in Sources */ = {isa = PBXBuildFile; fileRef = 5D4770EA18540CAA00A06C23 /* photoInfoView.m */; };
		5D54DEFF184F777D0061AA46 /* UIImage+blur.m in Sources */ = {isa = PBXBuildFile; fileRef = 5D54DEFE184F777C0061AA46 /* UIImage+blur.m */; };
		5D71151A184744FB00D6C77B /* wait@2x.png in Resources */ = {isa = PBXBuildFile; fileRef = 5D711519184744FB00D6C77B /* wait@2x.png */; };
		5D71151C1847488900D6C77B /* bg_playpage_cover_transparent_mask-layer_iphone5@2x.png in Resources */ = {isa = PBXBuildFile; fileRef = 5D71151B1847488900D6C77B /* bg_playpage_cover_transparent_mask-layer_iphone5@2x.png */; };
		5D7191471840FF05008725F1 /* albumView.m in Sources */ = {isa = PBXBuildFile; fileRef = 5D7191461840FF05008725F1 /* albumView.m */; };
		5D71914A18420E9D008725F1 /* listCell.m in Sources */ = {isa = PBXBuildFile; fileRef = 5D71914918420E9D008725F1 /* listCell.m */; };
		5DCDC902183CA9490004D18D /* transparentBtn.m in Sources */ = {isa = PBXBuildFile; fileRef = 5DCDC901183CA9490004D18D /* transparentBtn.m */; };
		5DCDC905183CAD650004D18D /* UIApplication+appSize.m in Sources */ = {isa = PBXBuildFile; fileRef = 5DCDC904183CAD650004D18D /* UIApplication+appSize.m */; };
		5DD10F3B184B6EBF0009A7E3 /* UIImage+BoxBlur.m in Sources */ = {isa = PBXBuildFile; fileRef = 5DD10F3A184B6EBF0009A7E3 /* UIImage+BoxBlur.m */; };
		5DD10F3E184B6FE40009A7E3 /* Accelerate.framework in Frameworks */ = {isa = PBXBuildFile; fileRef = 5DD10F3C184B6FE40009A7E3 /* Accelerate.framework */; };
		5DD10F3F184B6FE40009A7E3 /* QuartzCore.framework in Frameworks */ = {isa = PBXBuildFile; fileRef = 5DD10F3D184B6FE40009A7E3 /* QuartzCore.framework */; };
		5DD10F42184B822E0009A7E3 /* maskGlassView.m in Sources */ = {isa = PBXBuildFile; fileRef = 5DD10F41184B822E0009A7E3 /* maskGlassView.m */; };
		5DD10F45184DBACE0009A7E3 /* listToolBar.m in Sources */ = {isa = PBXBuildFile; fileRef = 5DD10F44184DBACD0009A7E3 /* listToolBar.m */; };
		5DD10F47184DBFEA0009A7E3 /* camera@2x.png in Resources */ = {isa = PBXBuildFile; fileRef = 5DD10F46184DBFEA0009A7E3 /* camera@2x.png */; };
		5DF7F7441879A6C400A72E94 /* maskView.m in Sources */ = {isa = PBXBuildFile; fileRef = 5DF7F7431879A6C400A72E94 /* maskView.m */; };
		5DF934F51851C65B00560259 /* Model.xcdatamodeld in Sources */ = {isa = PBXBuildFile; fileRef = 5DF934F31851C65B00560259 /* Model.xcdatamodeld */; };
		5DF934F81852CA2600560259 /* PhotoInfo.m in Sources */ = {isa = PBXBuildFile; fileRef = 5DF934F71852CA2600560259 /* PhotoInfo.m */; };
		5DF934FA1852CDBD00560259 /* CoreData.framework in Frameworks */ = {isa = PBXBuildFile; fileRef = 5DF934F91852CDBC00560259 /* CoreData.framework */; };
/* End PBXBuildFile section */

/* Begin PBXFileReference section */
		081195501900A9F700C27778 /* icon114.png */ = {isa = PBXFileReference; lastKnownFileType = image.png; path = icon114.png; sourceTree = "<group>"; };
		081195511900A9F700C27778 /* icon120.png */ = {isa = PBXFileReference; lastKnownFileType = image.png; path = icon120.png; sourceTree = "<group>"; };
		081195521900A9F700C27778 /* icon29.png */ = {isa = PBXFileReference; lastKnownFileType = image.png; path = icon29.png; sourceTree = "<group>"; };
		081195531900A9F700C27778 /* icon57.png */ = {isa = PBXFileReference; lastKnownFileType = image.png; path = icon57.png; sourceTree = "<group>"; };
		081195541900A9F700C27778 /* icon58.png */ = {isa = PBXFileReference; lastKnownFileType = image.png; path = icon58.png; sourceTree = "<group>"; };
		081195551900A9F700C27778 /* icon80.png */ = {isa = PBXFileReference; lastKnownFileType = image.png; path = icon80.png; sourceTree = "<group>"; };
		0811955C1900B41500C27778 /* dismissableTips.h */ = {isa = PBXFileReference; fileEncoding = 4; lastKnownFileType = sourcecode.c.h; path = dismissableTips.h; sourceTree = "<group>"; };
		0811955D1900B41500C27778 /* dismissableTips.m */ = {isa = PBXFileReference; fileEncoding = 4; lastKnownFileType = sourcecode.c.objc; path = dismissableTips.m; sourceTree = "<group>"; };
		0811955F1900B94A00C27778 /* tipsLabel.h */ = {isa = PBXFileReference; fileEncoding = 4; lastKnownFileType = sourcecode.c.h; path = tipsLabel.h; sourceTree = "<group>"; };
		081195601900B94A00C27778 /* tipsLabel.m */ = {isa = PBXFileReference; fileEncoding = 4; lastKnownFileType = sourcecode.c.objc; path = tipsLabel.m; sourceTree = "<group>"; };
		081BCE951918DDAC00DF9FE1 /* mission.h */ = {isa = PBXFileReference; lastKnownFileType = sourcecode.c.h; path = mission.h; sourceTree = "<group>"; };
		081E015D191F5F6C0055DBC4 /* albumListView.h */ = {isa = PBXFileReference; fileEncoding = 4; lastKnownFileType = sourcecode.c.h; path = albumListView.h; sourceTree = "<group>"; };
		081E015E191F5F6C0055DBC4 /* albumListView.m */ = {isa = PBXFileReference; fileEncoding = 4; lastKnownFileType = sourcecode.c.objc; path = albumListView.m; sourceTree = "<group>"; };
		081E0160191F5F950055DBC4 /* listHeaderView.h */ = {isa = PBXFileReference; fileEncoding = 4; lastKnownFileType = sourcecode.c.h; path = listHeaderView.h; sourceTree = "<group>"; };
		081E0161191F5F950055DBC4 /* listHeaderView.m */ = {isa = PBXFileReference; fileEncoding = 4; lastKnownFileType = sourcecode.c.objc; path = listHeaderView.m; sourceTree = "<group>"; };
		081E0163191F62DF0055DBC4 /* listHeader.png */ = {isa = PBXFileReference; lastKnownFileType = image.png; path = listHeader.png; sourceTree = "<group>"; };
		081E0165191F6C2F0055DBC4 /* effier.jpg */ = {isa = PBXFileReference; lastKnownFileType = image.jpeg; path = effier.jpg; sourceTree = "<group>"; };
		081E0168191F74CB0055DBC4 /* photoGroupInfoObj.h */ = {isa = PBXFileReference; fileEncoding = 4; lastKnownFileType = sourcecode.c.h; path = photoGroupInfoObj.h; sourceTree = "<group>"; };
		081E0169191F74CB0055DBC4 /* photoGroupInfoObj.m */ = {isa = PBXFileReference; fileEncoding = 4; lastKnownFileType = sourcecode.c.objc; path = photoGroupInfoObj.m; sourceTree = "<group>"; };
		0821B904191B1ED8006AB758 /* NormalCircle.h */ = {isa = PBXFileReference; fileEncoding = 4; lastKnownFileType = sourcecode.c.h; path = NormalCircle.h; sourceTree = "<group>"; };
		0821B905191B1ED8006AB758 /* NormalCircle.m */ = {isa = PBXFileReference; fileEncoding = 4; lastKnownFileType = sourcecode.c.objc; path = NormalCircle.m; sourceTree = "<group>"; };
		0821B906191B1ED8006AB758 /* SPLine.h */ = {isa = PBXFileReference; fileEncoding = 4; lastKnownFileType = sourcecode.c.h; path = SPLine.h; sourceTree = "<group>"; };
		0821B907191B1ED8006AB758 /* SPLine.m */ = {isa = PBXFileReference; fileEncoding = 4; lastKnownFileType = sourcecode.c.objc; path = SPLine.m; sourceTree = "<group>"; };
		0821B908191B1ED8006AB758 /* SPLockOverlay.h */ = {isa = PBXFileReference; fileEncoding = 4; lastKnownFileType = sourcecode.c.h; path = SPLockOverlay.h; sourceTree = "<group>"; };
		0821B909191B1ED8006AB758 /* SPLockOverlay.m */ = {isa = PBXFileReference; fileEncoding = 4; lastKnownFileType = sourcecode.c.objc; path = SPLockOverlay.m; sourceTree = "<group>"; };
		0821B90A191B1ED8006AB758 /* SPLockScreen.h */ = {isa = PBXFileReference; fileEncoding = 4; lastKnownFileType = sourcecode.c.h; path = SPLockScreen.h; sourceTree = "<group>"; };
		0821B90B191B1ED8006AB758 /* SPLockScreen.m */ = {isa = PBXFileReference; fileEncoding = 4; lastKnownFileType = sourcecode.c.objc; path = SPLockScreen.m; sourceTree = "<group>"; };
		0821B910191B2281006AB758 /* gestureCodeSettingView.h */ = {isa = PBXFileReference; fileEncoding = 4; lastKnownFileType = sourcecode.c.h; path = gestureCodeSettingView.h; sourceTree = "<group>"; };
		0821B911191B2281006AB758 /* gestureCodeSettingView.m */ = {isa = PBXFileReference; fileEncoding = 4; lastKnownFileType = sourcecode.c.objc; path = gestureCodeSettingView.m; sourceTree = "<group>"; };
		0821B912191B2281006AB758 /* gestureCodeVerifyView.h */ = {isa = PBXFileReference; fileEncoding = 4; lastKnownFileType = sourcecode.c.h; path = gestureCodeVerifyView.h; sourceTree = "<group>"; };
		0821B913191B2281006AB758 /* gestureCodeVerifyView.m */ = {isa = PBXFileReference; fileEncoding = 4; lastKnownFileType = sourcecode.c.objc; path = gestureCodeVerifyView.m; sourceTree = "<group>"; };
		0821B916191B23B6006AB758 /* UICKeyChainStore.h */ = {isa = PBXFileReference; fileEncoding = 4; lastKnownFileType = sourcecode.c.h; path = UICKeyChainStore.h; sourceTree = "<group>"; };
		0821B917191B23B6006AB758 /* UICKeyChainStore.m */ = {isa = PBXFileReference; fileEncoding = 4; lastKnownFileType = sourcecode.c.objc; path = UICKeyChainStore.m; sourceTree = "<group>"; };
		0821B919191B247E006AB758 /* Security.framework */ = {isa = PBXFileReference; lastKnownFileType = wrapper.framework; name = Security.framework; path = System/Library/Frameworks/Security.framework; sourceTree = SDKROOT; };
		08231BCD192060B9007F2B7F /* photoMetaDataObj.h */ = {isa = PBXFileReference; fileEncoding = 4; lastKnownFileType = sourcecode.c.h; path = photoMetaDataObj.h; sourceTree = "<group>"; };
		08231BCE192060B9007F2B7F /* photoMetaDataObj.m */ = {isa = PBXFileReference; fileEncoding = 4; lastKnownFileType = sourcecode.c.objc; path = photoMetaDataObj.m; sourceTree = "<group>"; };
		08231BD019206174007F2B7F /* photoDataMgr.h */ = {isa = PBXFileReference; fileEncoding = 4; lastKnownFileType = sourcecode.c.h; path = photoDataMgr.h; sourceTree = "<group>"; };
		08231BD119206174007F2B7F /* photoDataMgr.m */ = {isa = PBXFileReference; fileEncoding = 4; lastKnownFileType = sourcecode.c.objc; path = photoDataMgr.m; sourceTree = "<group>"; };
		08231BD51920FAC5007F2B7F /* portrait@2x.png */ = {isa = PBXFileReference; lastKnownFileType = image.png; path = "portrait@2x.png"; sourceTree = "<group>"; };
		0831CF481921B07B00EA87B1 /* add@2x.png */ = {isa = PBXFileReference; lastKnownFileType = image.png; path = "add@2x.png"; sourceTree = "<group>"; };
		0831CF491921B07B00EA87B1 /* balls@2x.png */ = {isa = PBXFileReference; lastKnownFileType = image.png; path = "balls@2x.png"; sourceTree = "<group>"; };
		0831CF4A1921B07B00EA87B1 /* bg@2x.png */ = {isa = PBXFileReference; lastKnownFileType = image.png; path = "bg@2x.png"; sourceTree = "<group>"; };
		0831CF4B1921B07B00EA87B1 /* camera@2x.png */ = {isa = PBXFileReference; lastKnownFileType = image.png; path = "camera@2x.png"; sourceTree = "<group>"; };
		0831CF4C1921B07B00EA87B1 /* dateTitleBg@2x.png */ = {isa = PBXFileReference; lastKnownFileType = image.png; path = "dateTitleBg@2x.png"; sourceTree = "<group>"; };
		0831CF4D1921B07B00EA87B1 /* paris70@2x.png */ = {isa = PBXFileReference; lastKnownFileType = image.png; path = "paris70@2x.png"; sourceTree = "<group>"; };
		0831CF4E1921B07B00EA87B1 /* thumbnilBg@2x.png */ = {isa = PBXFileReference; lastKnownFileType = image.png; path = "thumbnilBg@2x.png"; sourceTree = "<group>"; };
		08320E6F1914C6B500066C83 /* ImageIO.framework */ = {isa = PBXFileReference; lastKnownFileType = wrapper.framework; name = ImageIO.framework; path = System/Library/Frameworks/ImageIO.framework; sourceTree = SDKROOT; };
		08320E961914DF1A00066C83 /* thumbImageHelper.h */ = {isa = PBXFileReference; fileEncoding = 4; lastKnownFileType = sourcecode.c.h; path = thumbImageHelper.h; sourceTree = "<group>"; };
		08320E971914DF1A00066C83 /* thumbImageHelper.m */ = {isa = PBXFileReference; fileEncoding = 4; lastKnownFileType = sourcecode.c.objc; path = thumbImageHelper.m; sourceTree = "<group>"; };
		0842994C191A358A00E1EDDF /* settingView.h */ = {isa = PBXFileReference; fileEncoding = 4; lastKnownFileType = sourcecode.c.h; path = settingView.h; sourceTree = "<group>"; };
		0842994D191A358A00E1EDDF /* settingView.m */ = {isa = PBXFileReference; fileEncoding = 4; lastKnownFileType = sourcecode.c.objc; path = settingView.m; sourceTree = "<group>"; };
		0842994F191A363600E1EDDF /* topbarView.h */ = {isa = PBXFileReference; fileEncoding = 4; lastKnownFileType = sourcecode.c.h; path = topbarView.h; sourceTree = "<group>"; };
		08429950191A363600E1EDDF /* topbarView.m */ = {isa = PBXFileReference; fileEncoding = 4; lastKnownFileType = sourcecode.c.objc; path = topbarView.m; sourceTree = "<group>"; };
		08429952191A368600E1EDDF /* baseView.h */ = {isa = PBXFileReference; fileEncoding = 4; lastKnownFileType = sourcecode.c.h; path = baseView.h; sourceTree = "<group>"; };
		08429953191A368600E1EDDF /* baseView.m */ = {isa = PBXFileReference; fileEncoding = 4; lastKnownFileType = sourcecode.c.objc; path = baseView.m; sourceTree = "<group>"; };
		08429955191A36C600E1EDDF /* UIApplication+utility.h */ = {isa = PBXFileReference; fileEncoding = 4; lastKnownFileType = sourcecode.c.h; path = "UIApplication+utility.h"; sourceTree = "<group>"; };
		08429956191A36C600E1EDDF /* UIApplication+utility.m */ = {isa = PBXFileReference; fileEncoding = 4; lastKnownFileType = sourcecode.c.objc; path = "UIApplication+utility.m"; sourceTree = "<group>"; };
		0842995D191A3C5000E1EDDF /* zh-Hans */ = {isa = PBXFileReference; lastKnownFileType = file.xib; name = "zh-Hans"; path = "zh-Hans.lproj/ViewController.xib"; sourceTree = "<group>"; };
		0842995E191A3C5000E1EDDF /* zh-Hans */ = {isa = PBXFileReference; lastKnownFileType = text.plist.strings; name = "zh-Hans"; path = "zh-Hans.lproj/InfoPlist.strings"; sourceTree = "<group>"; };
		08429960191A3DD600E1EDDF /* UIColor+utility.h */ = {isa = PBXFileReference; fileEncoding = 4; lastKnownFileType = sourcecode.c.h; path = "UIColor+utility.h"; sourceTree = "<group>"; };
		08429961191A3DD600E1EDDF /* UIColor+utility.m */ = {isa = PBXFileReference; fileEncoding = 4; lastKnownFileType = sourcecode.c.objc; path = "UIColor+utility.m"; sourceTree = "<group>"; };
		0856C53A191E35A600BA6A24 /* displayViewIndication@2x.png */ = {isa = PBXFileReference; lastKnownFileType = image.png; name = "displayViewIndication@2x.png"; path = "faceNote/indication/displayViewIndication@2x.png"; sourceTree = "<group>"; };
		0856C53B191E35A600BA6A24 /* listViewIndication@2x.png */ = {isa = PBXFileReference; lastKnownFileType = image.png; name = "listViewIndication@2x.png"; path = "faceNote/indication/listViewIndication@2x.png"; sourceTree = "<group>"; };
		08645EDB190A6D5D005F3025 /* myDocument.h */ = {isa = PBXFileReference; fileEncoding = 4; lastKnownFileType = sourcecode.c.h; path = myDocument.h; sourceTree = "<group>"; };
		08645EDC190A6D5D005F3025 /* myDocument.m */ = {isa = PBXFileReference; fileEncoding = 4; lastKnownFileType = sourcecode.c.objc; path = myDocument.m; sourceTree = "<group>"; };
		0866B57919079EF40056ABB1 /* appInfoObj.h */ = {isa = PBXFileReference; fileEncoding = 4; lastKnownFileType = sourcecode.c.h; path = appInfoObj.h; sourceTree = "<group>"; };
		0866B57A19079EF40056ABB1 /* appInfoObj.m */ = {isa = PBXFileReference; fileEncoding = 4; lastKnownFileType = sourcecode.c.objc; path = appInfoObj.m; sourceTree = "<group>"; };
		0898ABAD1901121B00268357 /* StoreKit.framework */ = {isa = PBXFileReference; lastKnownFileType = wrapper.framework; name = StoreKit.framework; path = System/Library/Frameworks/StoreKit.framework; sourceTree = SDKROOT; };
		0898ABB01901130000268357 /* iAPHelper.h */ = {isa = PBXFileReference; fileEncoding = 4; lastKnownFileType = sourcecode.c.h; path = iAPHelper.h; sourceTree = "<group>"; };
		0898ABB11901130000268357 /* iAPHelper.m */ = {isa = PBXFileReference; fileEncoding = 4; lastKnownFileType = sourcecode.c.objc; path = iAPHelper.m; sourceTree = "<group>"; };
		0898ABB319011F6600268357 /* SystemConfiguration.framework */ = {isa = PBXFileReference; lastKnownFileType = wrapper.framework; name = SystemConfiguration.framework; path = System/Library/Frameworks/SystemConfiguration.framework; sourceTree = SDKROOT; };
		0898ABB61901447000268357 /* funcVC.h */ = {isa = PBXFileReference; fileEncoding = 4; lastKnownFileType = sourcecode.c.h; path = funcVC.h; sourceTree = "<group>"; };
		0898ABB71901447000268357 /* funcVC.m */ = {isa = PBXFileReference; fileEncoding = 4; lastKnownFileType = sourcecode.c.objc; path = funcVC.m; sourceTree = "<group>"; };
		0898ABB91901476000268357 /* iapVC.h */ = {isa = PBXFileReference; fileEncoding = 4; lastKnownFileType = sourcecode.c.h; path = iapVC.h; sourceTree = "<group>"; };
		0898ABBA1901476000268357 /* iapVC.m */ = {isa = PBXFileReference; fileEncoding = 4; lastKnownFileType = sourcecode.c.objc; path = iapVC.m; sourceTree = "<group>"; };
		0898ABBC19014ABE00268357 /* MBProgressHUD.h */ = {isa = PBXFileReference; fileEncoding = 4; lastKnownFileType = sourcecode.c.h; path = MBProgressHUD.h; sourceTree = "<group>"; };
		0898ABBD19014ABE00268357 /* MBProgressHUD.m */ = {isa = PBXFileReference; fileEncoding = 4; lastKnownFileType = sourcecode.c.objc; path = MBProgressHUD.m; sourceTree = "<group>"; };
		08A8D119191E14560098C4EA /* indicationView.h */ = {isa = PBXFileReference; fileEncoding = 4; lastKnownFileType = sourcecode.c.h; path = indicationView.h; sourceTree = "<group>"; };
		08A8D11A191E14560098C4EA /* indicationView.m */ = {isa = PBXFileReference; fileEncoding = 4; lastKnownFileType = sourcecode.c.objc; path = indicationView.m; sourceTree = "<group>"; };
		08A8D11D191E1AE80098C4EA /* close@2x.png */ = {isa = PBXFileReference; lastKnownFileType = image.png; path = "close@2x.png"; sourceTree = "<group>"; };
		08A8D122191E1E730098C4EA /* en */ = {isa = PBXFileReference; lastKnownFileType = image.png; name = en; path = "en.lproj/captureViewIndication@2x.png"; sourceTree = "<group>"; };
		08A8D124191E1E8F0098C4EA /* zh-Hans */ = {isa = PBXFileReference; lastKnownFileType = image.png; name = "zh-Hans"; path = "zh-Hans.lproj/captureViewIndication@2x.png"; sourceTree = "<group>"; };
		08C69C371907E9DF0043D95B /* icloudHelper.h */ = {isa = PBXFileReference; fileEncoding = 4; lastKnownFileType = sourcecode.c.h; path = icloudHelper.h; sourceTree = "<group>"; };
		08C69C381907E9DF0043D95B /* icloudHelper.m */ = {isa = PBXFileReference; fileEncoding = 4; lastKnownFileType = sourcecode.c.objc; path = icloudHelper.m; sourceTree = "<group>"; };
		08E78808190395FC00D8DF60 /* faceNote.entitlements */ = {isa = PBXFileReference; lastKnownFileType = text.xml; path = faceNote.entitlements; sourceTree = "<group>"; };
		08ECC455191E2DEF00E7615A /* en */ = {isa = PBXFileReference; lastKnownFileType = text.plist.strings; name = en; path = en.lproj/Localizable.strings; sourceTree = "<group>"; };
		08ECC457191E2DF100E7615A /* zh-Hans */ = {isa = PBXFileReference; lastKnownFileType = text.plist.strings; name = "zh-Hans"; path = "zh-Hans.lproj/Localizable.strings"; sourceTree = "<group>"; };
		5D01EDD318294D52000C3094 /* pageMgrView.h */ = {isa = PBXFileReference; fileEncoding = 4; lastKnownFileType = sourcecode.c.h; path = pageMgrView.h; sourceTree = "<group>"; };
		5D01EDD418294D52000C3094 /* pageMgrView.m */ = {isa = PBXFileReference; fileEncoding = 4; lastKnownFileType = sourcecode.c.objc; path = pageMgrView.m; sourceTree = "<group>"; };
		5D01EDD61829D7D4000C3094 /* listView.h */ = {isa = PBXFileReference; fileEncoding = 4; lastKnownFileType = sourcecode.c.h; path = listView.h; sourceTree = "<group>"; };
		5D01EDD71829D7D4000C3094 /* listView.m */ = {isa = PBXFileReference; fileEncoding = 4; lastKnownFileType = sourcecode.c.objc; path = listView.m; sourceTree = "<group>"; };
		5D01EDD9182A8BA3000C3094 /* CoreMedia.framework */ = {isa = PBXFileReference; lastKnownFileType = wrapper.framework; name = CoreMedia.framework; path = System/Library/Frameworks/CoreMedia.framework; sourceTree = SDKROOT; };
		5D1740B318371226000F0673 /* locationMgr.h */ = {isa = PBXFileReference; fileEncoding = 4; lastKnownFileType = sourcecode.c.h; path = locationMgr.h; sourceTree = "<group>"; };
		5D1740B418371226000F0673 /* locationMgr.m */ = {isa = PBXFileReference; fileEncoding = 4; lastKnownFileType = sourcecode.c.objc; path = locationMgr.m; sourceTree = "<group>"; };
		5D1740B6183712E5000F0673 /* CoreLocation.framework */ = {isa = PBXFileReference; lastKnownFileType = wrapper.framework; name = CoreLocation.framework; path = System/Library/Frameworks/CoreLocation.framework; sourceTree = SDKROOT; };
		5D1740B7183712E5000F0673 /* MapKit.framework */ = {isa = PBXFileReference; lastKnownFileType = wrapper.framework; name = MapKit.framework; path = System/Library/Frameworks/MapKit.framework; sourceTree = SDKROOT; };
		5D1907AB184381AF00CA19EB /* albumGroup.h */ = {isa = PBXFileReference; fileEncoding = 4; lastKnownFileType = sourcecode.c.h; path = albumGroup.h; sourceTree = "<group>"; };
		5D1907AC184381B000CA19EB /* albumGroup.m */ = {isa = PBXFileReference; fileEncoding = 4; lastKnownFileType = sourcecode.c.objc; path = albumGroup.m; sourceTree = "<group>"; };
		5D1907AE1843826B00CA19EB /* album.h */ = {isa = PBXFileReference; fileEncoding = 4; lastKnownFileType = sourcecode.c.h; path = album.h; sourceTree = "<group>"; };
		5D1907AF1843826B00CA19EB /* album.m */ = {isa = PBXFileReference; fileEncoding = 4; lastKnownFileType = sourcecode.c.objc; path = album.m; sourceTree = "<group>"; };
		5D1907B11844DE9100CA19EB /* UIImage+UIImageScale.h */ = {isa = PBXFileReference; fileEncoding = 4; lastKnownFileType = sourcecode.c.h; path = "UIImage+UIImageScale.h"; sourceTree = "<group>"; };
		5D1907B21844DE9100CA19EB /* UIImage+UIImageScale.m */ = {isa = PBXFileReference; fileEncoding = 4; lastKnownFileType = sourcecode.c.objc; path = "UIImage+UIImageScale.m"; sourceTree = "<group>"; };
		5D1907B41844FFFE00CA19EB /* bg_mv_playpage_process_transparent@2x.png */ = {isa = PBXFileReference; lastKnownFileType = image.png; path = "bg_mv_playpage_process_transparent@2x.png"; sourceTree = "<group>"; };
		5D1907BA1845032400CA19EB /* IMG_0344.PNG */ = {isa = PBXFileReference; lastKnownFileType = image.png; name = IMG_0344.PNG; path = faceNote/IMG_0344.PNG; sourceTree = "<group>"; };
		5D19080618465CEA00CA19EB /* photoView.h */ = {isa = PBXFileReference; fileEncoding = 4; lastKnownFileType = sourcecode.c.h; path = photoView.h; sourceTree = "<group>"; };
		5D19080718465CEB00CA19EB /* photoView.m */ = {isa = PBXFileReference; fileEncoding = 4; lastKnownFileType = sourcecode.c.objc; path = photoView.m; sourceTree = "<group>"; };
		5D19080918465F0400CA19EB /* photoDisplayView.h */ = {isa = PBXFileReference; fileEncoding = 4; lastKnownFileType = sourcecode.c.h; path = photoDisplayView.h; sourceTree = "<group>"; };
		5D19080A18465F0500CA19EB /* photoDisplayView.m */ = {isa = PBXFileReference; fileEncoding = 4; lastKnownFileType = sourcecode.c.objc; path = photoDisplayView.m; sourceTree = "<group>"; };
		5D203B36182E0AC400F33158 /* AssetsLibrary.framework */ = {isa = PBXFileReference; lastKnownFileType = wrapper.framework; name = AssetsLibrary.framework; path = System/Library/Frameworks/AssetsLibrary.framework; sourceTree = SDKROOT; };
		5D3DA5E618265C4B008FCB17 /* OA.app */ = {isa = PBXFileReference; explicitFileType = wrapper.application; includeInIndex = 0; path = OA.app; sourceTree = BUILT_PRODUCTS_DIR; };
		5D3DA5E918265C4B008FCB17 /* UIKit.framework */ = {isa = PBXFileReference; lastKnownFileType = wrapper.framework; name = UIKit.framework; path = System/Library/Frameworks/UIKit.framework; sourceTree = SDKROOT; };
		5D3DA5EB18265C4B008FCB17 /* Foundation.framework */ = {isa = PBXFileReference; lastKnownFileType = wrapper.framework; name = Foundation.framework; path = System/Library/Frameworks/Foundation.framework; sourceTree = SDKROOT; };
		5D3DA5ED18265C4B008FCB17 /* CoreGraphics.framework */ = {isa = PBXFileReference; lastKnownFileType = wrapper.framework; name = CoreGraphics.framework; path = System/Library/Frameworks/CoreGraphics.framework; sourceTree = SDKROOT; };
		5D3DA5F118265C4B008FCB17 /* OA-Info.plist */ = {isa = PBXFileReference; lastKnownFileType = text.plist.xml; path = "OA-Info.plist"; sourceTree = "<group>"; };
		5D3DA5F318265C4B008FCB17 /* en */ = {isa = PBXFileReference; lastKnownFileType = text.plist.strings; name = en; path = en.lproj/InfoPlist.strings; sourceTree = "<group>"; };
		5D3DA5F518265C4B008FCB17 /* main.m */ = {isa = PBXFileReference; lastKnownFileType = sourcecode.c.objc; path = main.m; sourceTree = "<group>"; };
		5D3DA5F718265C4B008FCB17 /* OA-Prefix.pch */ = {isa = PBXFileReference; lastKnownFileType = sourcecode.c.h; path = "OA-Prefix.pch"; sourceTree = "<group>"; };
		5D3DA5F818265C4B008FCB17 /* AppDelegate.h */ = {isa = PBXFileReference; lastKnownFileType = sourcecode.c.h; path = AppDelegate.h; sourceTree = "<group>"; };
		5D3DA5F918265C4B008FCB17 /* AppDelegate.m */ = {isa = PBXFileReference; lastKnownFileType = sourcecode.c.objc; path = AppDelegate.m; sourceTree = "<group>"; };
		5D3DA5FB18265C4B008FCB17 /* Default.png */ = {isa = PBXFileReference; lastKnownFileType = image.png; path = Default.png; sourceTree = "<group>"; };
		5D3DA5FD18265C4B008FCB17 /* Default@2x.png */ = {isa = PBXFileReference; lastKnownFileType = image.png; path = "Default@2x.png"; sourceTree = "<group>"; };
		5D3DA5FF18265C4B008FCB17 /* Default-568h@2x.png */ = {isa = PBXFileReference; lastKnownFileType = image.png; path = "Default-568h@2x.png"; sourceTree = "<group>"; };
		5D3DA60118265C4B008FCB17 /* ViewController.h */ = {isa = PBXFileReference; lastKnownFileType = sourcecode.c.h; path = ViewController.h; sourceTree = "<group>"; };
		5D3DA60218265C4B008FCB17 /* ViewController.m */ = {isa = PBXFileReference; lastKnownFileType = sourcecode.c.objc; path = ViewController.m; sourceTree = "<group>"; };
		5D3DA60518265C4B008FCB17 /* en */ = {isa = PBXFileReference; lastKnownFileType = file.xib; name = en; path = en.lproj/ViewController.xib; sourceTree = "<group>"; };
		5D3DA60C18265E3F008FCB17 /* captureView.h */ = {isa = PBXFileReference; fileEncoding = 4; lastKnownFileType = sourcecode.c.h; path = captureView.h; sourceTree = "<group>"; };
		5D3DA60D18265E3F008FCB17 /* captureView.m */ = {isa = PBXFileReference; fileEncoding = 4; lastKnownFileType = sourcecode.c.objc; path = captureView.m; sourceTree = "<group>"; };
		5D3DA61518267445008FCB17 /* AVFoundation.framework */ = {isa = PBXFileReference; lastKnownFileType = wrapper.framework; name = AVFoundation.framework; path = System/Library/Frameworks/AVFoundation.framework; sourceTree = SDKROOT; };
		5D3DA61718269D47008FCB17 /* dataManager.h */ = {isa = PBXFileReference; fileEncoding = 4; lastKnownFileType = sourcecode.c.h; path = dataManager.h; sourceTree = "<group>"; };
		5D3DA61818269D47008FCB17 /* dataManager.m */ = {isa = PBXFileReference; fileEncoding = 4; lastKnownFileType = sourcecode.c.objc; path = dataManager.m; sourceTree = "<group>"; };
		5D3DA61A18273475008FCB17 /* CoreAudio.framework */ = {isa = PBXFileReference; lastKnownFileType = wrapper.framework; name = CoreAudio.framework; path = System/Library/Frameworks/CoreAudio.framework; sourceTree = SDKROOT; };
		5D3DA61C18273EFC008FCB17 /* CoreVideo.framework */ = {isa = PBXFileReference; lastKnownFileType = wrapper.framework; name = CoreVideo.framework; path = System/Library/Frameworks/CoreVideo.framework; sourceTree = SDKROOT; };
		5D4770E31853779900A06C23 /* titleValueView.h */ = {isa = PBXFileReference; fileEncoding = 4; lastKnownFileType = sourcecode.c.h; path = titleValueView.h; sourceTree = "<group>"; };
		5D4770E41853779900A06C23 /* titleValueView.m */ = {isa = PBXFileReference; fileEncoding = 4; lastKnownFileType = sourcecode.c.objc; path = titleValueView.m; sourceTree = "<group>"; };
		5D4770E618537DF000A06C23 /* autoSizeLabel.h */ = {isa = PBXFileReference; fileEncoding = 4; lastKnownFileType = sourcecode.c.h; path = autoSizeLabel.h; sourceTree = "<group>"; };
		5D4770E718537DF000A06C23 /* autoSizeLabel.m */ = {isa = PBXFileReference; fileEncoding = 4; lastKnownFileType = sourcecode.c.objc; path = autoSizeLabel.m; sourceTree = "<group>"; };
		5D4770E918540CAA00A06C23 /* photoInfoView.h */ = {isa = PBXFileReference; fileEncoding = 4; lastKnownFileType = sourcecode.c.h; path = photoInfoView.h; sourceTree = "<group>"; };
		5D4770EA18540CAA00A06C23 /* photoInfoView.m */ = {isa = PBXFileReference; fileEncoding = 4; lastKnownFileType = sourcecode.c.objc; path = photoInfoView.m; sourceTree = "<group>"; };
		5D54DEFD184F777C0061AA46 /* UIImage+blur.h */ = {isa = PBXFileReference; fileEncoding = 4; lastKnownFileType = sourcecode.c.h; path = "UIImage+blur.h"; sourceTree = "<group>"; };
		5D54DEFE184F777C0061AA46 /* UIImage+blur.m */ = {isa = PBXFileReference; fileEncoding = 4; lastKnownFileType = sourcecode.c.objc; path = "UIImage+blur.m"; sourceTree = "<group>"; };
		5D711519184744FB00D6C77B /* wait@2x.png */ = {isa = PBXFileReference; lastKnownFileType = image.png; name = "wait@2x.png"; path = "faceNote/wait@2x.png"; sourceTree = "<group>"; };
		5D71151B1847488900D6C77B /* bg_playpage_cover_transparent_mask-layer_iphone5@2x.png */ = {isa = PBXFileReference; lastKnownFileType = image.png; name = "bg_playpage_cover_transparent_mask-layer_iphone5@2x.png"; path = "faceNote/bg_playpage_cover_transparent_mask-layer_iphone5@2x.png"; sourceTree = "<group>"; };
		5D7191451840FF05008725F1 /* albumView.h */ = {isa = PBXFileReference; fileEncoding = 4; lastKnownFileType = sourcecode.c.h; path = albumView.h; sourceTree = "<group>"; };
		5D7191461840FF05008725F1 /* albumView.m */ = {isa = PBXFileReference; fileEncoding = 4; lastKnownFileType = sourcecode.c.objc; path = albumView.m; sourceTree = "<group>"; };
		5D71914818420E9D008725F1 /* listCell.h */ = {isa = PBXFileReference; fileEncoding = 4; lastKnownFileType = sourcecode.c.h; path = listCell.h; sourceTree = "<group>"; };
		5D71914918420E9D008725F1 /* listCell.m */ = {isa = PBXFileReference; fileEncoding = 4; lastKnownFileType = sourcecode.c.objc; path = listCell.m; sourceTree = "<group>"; };
		5DBB2B0C1830DC2000A91F13 /* def.h */ = {isa = PBXFileReference; lastKnownFileType = sourcecode.c.h; path = def.h; sourceTree = "<group>"; };
		5DCDC900183CA9490004D18D /* transparentBtn.h */ = {isa = PBXFileReference; fileEncoding = 4; lastKnownFileType = sourcecode.c.h; path = transparentBtn.h; sourceTree = "<group>"; };
		5DCDC901183CA9490004D18D /* transparentBtn.m */ = {isa = PBXFileReference; fileEncoding = 4; lastKnownFileType = sourcecode.c.objc; path = transparentBtn.m; sourceTree = "<group>"; };
		5DCDC903183CAD650004D18D /* UIApplication+appSize.h */ = {isa = PBXFileReference; fileEncoding = 4; lastKnownFileType = sourcecode.c.h; path = "UIApplication+appSize.h"; sourceTree = "<group>"; };
		5DCDC904183CAD650004D18D /* UIApplication+appSize.m */ = {isa = PBXFileReference; fileEncoding = 4; lastKnownFileType = sourcecode.c.objc; path = "UIApplication+appSize.m"; sourceTree = "<group>"; };
		5DD10F39184B6EBF0009A7E3 /* UIImage+BoxBlur.h */ = {isa = PBXFileReference; fileEncoding = 4; lastKnownFileType = sourcecode.c.h; path = "UIImage+BoxBlur.h"; sourceTree = "<group>"; };
		5DD10F3A184B6EBF0009A7E3 /* UIImage+BoxBlur.m */ = {isa = PBXFileReference; fileEncoding = 4; lastKnownFileType = sourcecode.c.objc; path = "UIImage+BoxBlur.m"; sourceTree = "<group>"; };
		5DD10F3C184B6FE40009A7E3 /* Accelerate.framework */ = {isa = PBXFileReference; lastKnownFileType = wrapper.framework; name = Accelerate.framework; path = System/Library/Frameworks/Accelerate.framework; sourceTree = SDKROOT; };
		5DD10F3D184B6FE40009A7E3 /* QuartzCore.framework */ = {isa = PBXFileReference; lastKnownFileType = wrapper.framework; name = QuartzCore.framework; path = System/Library/Frameworks/QuartzCore.framework; sourceTree = SDKROOT; };
		5DD10F40184B822E0009A7E3 /* maskGlassView.h */ = {isa = PBXFileReference; fileEncoding = 4; lastKnownFileType = sourcecode.c.h; path = maskGlassView.h; sourceTree = "<group>"; };
		5DD10F41184B822E0009A7E3 /* maskGlassView.m */ = {isa = PBXFileReference; fileEncoding = 4; lastKnownFileType = sourcecode.c.objc; path = maskGlassView.m; sourceTree = "<group>"; };
		5DD10F43184DBACC0009A7E3 /* listToolBar.h */ = {isa = PBXFileReference; fileEncoding = 4; lastKnownFileType = sourcecode.c.h; path = listToolBar.h; sourceTree = "<group>"; };
		5DD10F44184DBACD0009A7E3 /* listToolBar.m */ = {isa = PBXFileReference; fileEncoding = 4; lastKnownFileType = sourcecode.c.objc; path = listToolBar.m; sourceTree = "<group>"; };
		5DD10F46184DBFEA0009A7E3 /* camera@2x.png */ = {isa = PBXFileReference; lastKnownFileType = image.png; name = "camera@2x.png"; path = "faceNote/camera@2x.png"; sourceTree = "<group>"; };
		5DF7F7421879A6C400A72E94 /* maskView.h */ = {isa = PBXFileReference; fileEncoding = 4; lastKnownFileType = sourcecode.c.h; path = maskView.h; sourceTree = "<group>"; };
		5DF7F7431879A6C400A72E94 /* maskView.m */ = {isa = PBXFileReference; fileEncoding = 4; lastKnownFileType = sourcecode.c.objc; path = maskView.m; sourceTree = "<group>"; };
		5DF934F41851C65B00560259 /* Model.xcdatamodel */ = {isa = PBXFileReference; lastKnownFileType = wrapper.xcdatamodel; path = Model.xcdatamodel; sourceTree = "<group>"; };
		5DF934F61852CA2600560259 /* PhotoInfo.h */ = {isa = PBXFileReference; fileEncoding = 4; lastKnownFileType = sourcecode.c.h; path = PhotoInfo.h; sourceTree = "<group>"; };
		5DF934F71852CA2600560259 /* PhotoInfo.m */ = {isa = PBXFileReference; fileEncoding = 4; lastKnownFileType = sourcecode.c.objc; path = PhotoInfo.m; sourceTree = "<group>"; };
		5DF934F91852CDBC00560259 /* CoreData.framework */ = {isa = PBXFileReference; lastKnownFileType = wrapper.framework; name = CoreData.framework; path = System/Library/Frameworks/CoreData.framework; sourceTree = SDKROOT; };
/* End PBXFileReference section */

/* Begin PBXFrameworksBuildPhase section */
		5D3DA5E318265C4B008FCB17 /* Frameworks */ = {
			isa = PBXFrameworksBuildPhase;
			buildActionMask = 2147483647;
			files = (
				0821B91A191B247E006AB758 /* Security.framework in Frameworks */,
				08320E701914C6B500066C83 /* ImageIO.framework in Frameworks */,
				0898ABB419011F6600268357 /* SystemConfiguration.framework in Frameworks */,
				0898ABAE1901121B00268357 /* StoreKit.framework in Frameworks */,
				5DF934FA1852CDBD00560259 /* CoreData.framework in Frameworks */,
				5DD10F3E184B6FE40009A7E3 /* Accelerate.framework in Frameworks */,
				5DD10F3F184B6FE40009A7E3 /* QuartzCore.framework in Frameworks */,
				5D1740B8183712E5000F0673 /* CoreLocation.framework in Frameworks */,
				5D1740B9183712E5000F0673 /* MapKit.framework in Frameworks */,
				5D203B37182E0AC400F33158 /* AssetsLibrary.framework in Frameworks */,
				5D01EDDA182A8BA3000C3094 /* CoreMedia.framework in Frameworks */,
				5D3DA61D18273EFC008FCB17 /* CoreVideo.framework in Frameworks */,
				5D3DA61B18273475008FCB17 /* CoreAudio.framework in Frameworks */,
				5D3DA61618267445008FCB17 /* AVFoundation.framework in Frameworks */,
				5D3DA5EA18265C4B008FCB17 /* UIKit.framework in Frameworks */,
				5D3DA5EC18265C4B008FCB17 /* Foundation.framework in Frameworks */,
				5D3DA5EE18265C4B008FCB17 /* CoreGraphics.framework in Frameworks */,
			);
			runOnlyForDeploymentPostprocessing = 0;
		};
/* End PBXFrameworksBuildPhase section */

/* Begin PBXGroup section */
		0811954F1900A9F700C27778 /* icon */ = {
			isa = PBXGroup;
			children = (
				081195501900A9F700C27778 /* icon114.png */,
				081195511900A9F700C27778 /* icon120.png */,
				081195521900A9F700C27778 /* icon29.png */,
				081195531900A9F700C27778 /* icon57.png */,
				081195541900A9F700C27778 /* icon58.png */,
				081195551900A9F700C27778 /* icon80.png */,
			);
			name = icon;
			path = faceNote/icon;
			sourceTree = "<group>";
		};
		081E0167191F71A90055DBC4 /* model */ = {
			isa = PBXGroup;
			children = (
				081E0168191F74CB0055DBC4 /* photoGroupInfoObj.h */,
				081E0169191F74CB0055DBC4 /* photoGroupInfoObj.m */,
				08231BCD192060B9007F2B7F /* photoMetaDataObj.h */,
				08231BCE192060B9007F2B7F /* photoMetaDataObj.m */,
			);
			path = model;
			sourceTree = "<group>";
		};
		0821B903191B1ED8006AB758 /* patternLock */ = {
			isa = PBXGroup;
			children = (
				0821B904191B1ED8006AB758 /* NormalCircle.h */,
				0821B905191B1ED8006AB758 /* NormalCircle.m */,
				0821B906191B1ED8006AB758 /* SPLine.h */,
				0821B907191B1ED8006AB758 /* SPLine.m */,
				0821B908191B1ED8006AB758 /* SPLockOverlay.h */,
				0821B909191B1ED8006AB758 /* SPLockOverlay.m */,
				0821B90A191B1ED8006AB758 /* SPLockScreen.h */,
				0821B90B191B1ED8006AB758 /* SPLockScreen.m */,
			);
			name = patternLock;
			path = faceNote/patternLock;
			sourceTree = SOURCE_ROOT;
		};
		0831CF471921B07B00EA87B1 /* image */ = {
			isa = PBXGroup;
			children = (
				0831CF481921B07B00EA87B1 /* add@2x.png */,
				0831CF491921B07B00EA87B1 /* balls@2x.png */,
				0831CF4A1921B07B00EA87B1 /* bg@2x.png */,
				0831CF4B1921B07B00EA87B1 /* camera@2x.png */,
				0831CF4C1921B07B00EA87B1 /* dateTitleBg@2x.png */,
				0831CF4D1921B07B00EA87B1 /* paris70@2x.png */,
				0831CF4E1921B07B00EA87B1 /* thumbnilBg@2x.png */,
			);
			name = image;
			path = faceNote/image;
			sourceTree = "<group>";
		};
		0898ABAF190112C900268357 /* control */ = {
			isa = PBXGroup;
			children = (
				0821B916191B23B6006AB758 /* UICKeyChainStore.h */,
				0821B917191B23B6006AB758 /* UICKeyChainStore.m */,
				0898ABB01901130000268357 /* iAPHelper.h */,
				0898ABB11901130000268357 /* iAPHelper.m */,
				0866B57919079EF40056ABB1 /* appInfoObj.h */,
				0866B57A19079EF40056ABB1 /* appInfoObj.m */,
				08C69C371907E9DF0043D95B /* icloudHelper.h */,
				08C69C381907E9DF0043D95B /* icloudHelper.m */,
				08645EDB190A6D5D005F3025 /* myDocument.h */,
				08645EDC190A6D5D005F3025 /* myDocument.m */,
				08320E961914DF1A00066C83 /* thumbImageHelper.h */,
				08320E971914DF1A00066C83 /* thumbImageHelper.m */,
				08231BD019206174007F2B7F /* photoDataMgr.h */,
				08231BD119206174007F2B7F /* photoDataMgr.m */,
			);
			path = control;
			sourceTree = "<group>";
		};
		0898ABB51901442A00268357 /* view */ = {
			isa = PBXGroup;
			children = (
				0821B910191B2281006AB758 /* gestureCodeSettingView.h */,
				0821B911191B2281006AB758 /* gestureCodeSettingView.m */,
				0821B912191B2281006AB758 /* gestureCodeVerifyView.h */,
				0821B913191B2281006AB758 /* gestureCodeVerifyView.m */,
				0821B903191B1ED8006AB758 /* patternLock */,
				08429960191A3DD600E1EDDF /* UIColor+utility.h */,
				08429961191A3DD600E1EDDF /* UIColor+utility.m */,
				08429955191A36C600E1EDDF /* UIApplication+utility.h */,
				08429956191A36C600E1EDDF /* UIApplication+utility.m */,
				08429952191A368600E1EDDF /* baseView.h */,
				08429953191A368600E1EDDF /* baseView.m */,
				0842994F191A363600E1EDDF /* topbarView.h */,
				08429950191A363600E1EDDF /* topbarView.m */,
				0842994C191A358A00E1EDDF /* settingView.h */,
				0842994D191A358A00E1EDDF /* settingView.m */,
				0898ABBC19014ABE00268357 /* MBProgressHUD.h */,
				0898ABBD19014ABE00268357 /* MBProgressHUD.m */,
				0898ABB61901447000268357 /* funcVC.h */,
				0898ABB71901447000268357 /* funcVC.m */,
				0898ABB91901476000268357 /* iapVC.h */,
				0898ABBA1901476000268357 /* iapVC.m */,
				08A8D119191E14560098C4EA /* indicationView.h */,
				08A8D11A191E14560098C4EA /* indicationView.m */,
				081E015D191F5F6C0055DBC4 /* albumListView.h */,
				081E015E191F5F6C0055DBC4 /* albumListView.m */,
				081E0160191F5F950055DBC4 /* listHeaderView.h */,
				081E0161191F5F950055DBC4 /* listHeaderView.m */,
			);
			path = view;
			sourceTree = "<group>";
		};
		08A8D106191E10D60098C4EA /* indication */ = {
			isa = PBXGroup;
			children = (
			);
			name = indication;
			path = faceNote/indication;
			sourceTree = "<group>";
		};
		08A8D11C191E1AE80098C4EA /* img */ = {
			isa = PBXGroup;
			children = (
				08231BD51920FAC5007F2B7F /* portrait@2x.png */,
				081E0165191F6C2F0055DBC4 /* effier.jpg */,
				081E0163191F62DF0055DBC4 /* listHeader.png */,
				08A8D11D191E1AE80098C4EA /* close@2x.png */,
			);
			name = img;
			path = faceNote/img;
			sourceTree = "<group>";
		};
		5D3DA5DD18265C4A008FCB17 = {
			isa = PBXGroup;
			children = (
				0831CF471921B07B00EA87B1 /* image */,
				0856C53A191E35A600BA6A24 /* displayViewIndication@2x.png */,
				0856C53B191E35A600BA6A24 /* listViewIndication@2x.png */,
				08A8D123191E1E730098C4EA /* captureViewIndication@2x.png */,
				08A8D11C191E1AE80098C4EA /* img */,
				08A8D106191E10D60098C4EA /* indication */,
				0811954F1900A9F700C27778 /* icon */,
				5DF934F91852CDBC00560259 /* CoreData.framework */,
				5DD10F46184DBFEA0009A7E3 /* camera@2x.png */,
				5DD10F3C184B6FE40009A7E3 /* Accelerate.framework */,
				5DD10F3D184B6FE40009A7E3 /* QuartzCore.framework */,
				5D71151B1847488900D6C77B /* bg_playpage_cover_transparent_mask-layer_iphone5@2x.png */,
				5D711519184744FB00D6C77B /* wait@2x.png */,
				5D1907BA1845032400CA19EB /* IMG_0344.PNG */,
				5D1740B6183712E5000F0673 /* CoreLocation.framework */,
				5D1740B7183712E5000F0673 /* MapKit.framework */,
				5D203B36182E0AC400F33158 /* AssetsLibrary.framework */,
				5D01EDD9182A8BA3000C3094 /* CoreMedia.framework */,
				5D3DA61C18273EFC008FCB17 /* CoreVideo.framework */,
				5D3DA5EF18265C4B008FCB17 /* faceNote */,
				5D3DA5E818265C4B008FCB17 /* Frameworks */,
				5D3DA5E718265C4B008FCB17 /* Products */,
			);
			sourceTree = "<group>";
		};
		5D3DA5E718265C4B008FCB17 /* Products */ = {
			isa = PBXGroup;
			children = (
				5D3DA5E618265C4B008FCB17 /* OA.app */,
			);
			name = Products;
			sourceTree = "<group>";
		};
		5D3DA5E818265C4B008FCB17 /* Frameworks */ = {
			isa = PBXGroup;
			children = (
				0821B919191B247E006AB758 /* Security.framework */,
				08320E6F1914C6B500066C83 /* ImageIO.framework */,
				0898ABB319011F6600268357 /* SystemConfiguration.framework */,
				0898ABAD1901121B00268357 /* StoreKit.framework */,
				5D3DA61A18273475008FCB17 /* CoreAudio.framework */,
				5D3DA61518267445008FCB17 /* AVFoundation.framework */,
				5D3DA5E918265C4B008FCB17 /* UIKit.framework */,
				5D3DA5EB18265C4B008FCB17 /* Foundation.framework */,
				5D3DA5ED18265C4B008FCB17 /* CoreGraphics.framework */,
			);
			name = Frameworks;
			sourceTree = "<group>";
		};
		5D3DA5EF18265C4B008FCB17 /* faceNote */ = {
			isa = PBXGroup;
			children = (
				081E0167191F71A90055DBC4 /* model */,
				08E78808190395FC00D8DF60 /* faceNote.entitlements */,
				0898ABB51901442A00268357 /* view */,
				0898ABAF190112C900268357 /* control */,
				0811955F1900B94A00C27778 /* tipsLabel.h */,
				081195601900B94A00C27778 /* tipsLabel.m */,
				0811955C1900B41500C27778 /* dismissableTips.h */,
				0811955D1900B41500C27778 /* dismissableTips.m */,
				5D4770E618537DF000A06C23 /* autoSizeLabel.h */,
				5D4770E718537DF000A06C23 /* autoSizeLabel.m */,
				5D4770E31853779900A06C23 /* titleValueView.h */,
				5D4770E41853779900A06C23 /* titleValueView.m */,
				5DD10F39184B6EBF0009A7E3 /* UIImage+BoxBlur.h */,
				5DD10F3A184B6EBF0009A7E3 /* UIImage+BoxBlur.m */,
				5D1907B41844FFFE00CA19EB /* bg_mv_playpage_process_transparent@2x.png */,
				5DCDC903183CAD650004D18D /* UIApplication+appSize.h */,
				5DCDC904183CAD650004D18D /* UIApplication+appSize.m */,
				5D3DA5F818265C4B008FCB17 /* AppDelegate.h */,
				5D3DA5F918265C4B008FCB17 /* AppDelegate.m */,
				5D3DA60118265C4B008FCB17 /* ViewController.h */,
				5D3DA60218265C4B008FCB17 /* ViewController.m */,
				5D3DA60418265C4B008FCB17 /* ViewController.xib */,
				5D3DA5F018265C4B008FCB17 /* Supporting Files */,
				5D3DA60C18265E3F008FCB17 /* captureView.h */,
				5D3DA60D18265E3F008FCB17 /* captureView.m */,
				5D3DA61718269D47008FCB17 /* dataManager.h */,
				5D3DA61818269D47008FCB17 /* dataManager.m */,
				5D01EDD318294D52000C3094 /* pageMgrView.h */,
				5D01EDD418294D52000C3094 /* pageMgrView.m */,
				5D01EDD61829D7D4000C3094 /* listView.h */,
				5D01EDD71829D7D4000C3094 /* listView.m */,
				5DBB2B0C1830DC2000A91F13 /* def.h */,
				5D1740B318371226000F0673 /* locationMgr.h */,
				5D1740B418371226000F0673 /* locationMgr.m */,
				5DCDC900183CA9490004D18D /* transparentBtn.h */,
				5DCDC901183CA9490004D18D /* transparentBtn.m */,
				5D7191451840FF05008725F1 /* albumView.h */,
				5D7191461840FF05008725F1 /* albumView.m */,
				5D71914818420E9D008725F1 /* listCell.h */,
				5D71914918420E9D008725F1 /* listCell.m */,
				5D1907AB184381AF00CA19EB /* albumGroup.h */,
				5D1907AC184381B000CA19EB /* albumGroup.m */,
				5D1907AE1843826B00CA19EB /* album.h */,
				5D1907AF1843826B00CA19EB /* album.m */,
				5D1907B11844DE9100CA19EB /* UIImage+UIImageScale.h */,
				5D1907B21844DE9100CA19EB /* UIImage+UIImageScale.m */,
				5D19080618465CEA00CA19EB /* photoView.h */,
				5D19080718465CEB00CA19EB /* photoView.m */,
				5D19080918465F0400CA19EB /* photoDisplayView.h */,
				5D19080A18465F0500CA19EB /* photoDisplayView.m */,
				5DD10F40184B822E0009A7E3 /* maskGlassView.h */,
				5DD10F41184B822E0009A7E3 /* maskGlassView.m */,
				5DD10F43184DBACC0009A7E3 /* listToolBar.h */,
				5DD10F44184DBACD0009A7E3 /* listToolBar.m */,
				5D54DEFD184F777C0061AA46 /* UIImage+blur.h */,
				5D54DEFE184F777C0061AA46 /* UIImage+blur.m */,
				5DF934F31851C65B00560259 /* Model.xcdatamodeld */,
				5DF934F61852CA2600560259 /* PhotoInfo.h */,
				5DF934F71852CA2600560259 /* PhotoInfo.m */,
				5D4770E918540CAA00A06C23 /* photoInfoView.h */,
				5D4770EA18540CAA00A06C23 /* photoInfoView.m */,
				5DF7F7421879A6C400A72E94 /* maskView.h */,
				5DF7F7431879A6C400A72E94 /* maskView.m */,
				081BCE951918DDAC00DF9FE1 /* mission.h */,
			);
			path = faceNote;
			sourceTree = "<group>";
		};
		5D3DA5F018265C4B008FCB17 /* Supporting Files */ = {
			isa = PBXGroup;
			children = (
				5D3DA5F118265C4B008FCB17 /* OA-Info.plist */,
				5D3DA5F218265C4B008FCB17 /* InfoPlist.strings */,
				5D3DA5F518265C4B008FCB17 /* main.m */,
				5D3DA5F718265C4B008FCB17 /* OA-Prefix.pch */,
				5D3DA5FB18265C4B008FCB17 /* Default.png */,
				5D3DA5FD18265C4B008FCB17 /* Default@2x.png */,
				5D3DA5FF18265C4B008FCB17 /* Default-568h@2x.png */,
				08ECC456191E2DEF00E7615A /* Localizable.strings */,
			);
			name = "Supporting Files";
			sourceTree = "<group>";
		};
/* End PBXGroup section */

/* Begin PBXNativeTarget section */
		5D3DA5E518265C4B008FCB17 /* OA */ = {
			isa = PBXNativeTarget;
			buildConfigurationList = 5D3DA60918265C4B008FCB17 /* Build configuration list for PBXNativeTarget "OA" */;
			buildPhases = (
				5D3DA5E218265C4B008FCB17 /* Sources */,
				5D3DA5E318265C4B008FCB17 /* Frameworks */,
				5D3DA5E418265C4B008FCB17 /* Resources */,
			);
			buildRules = (
			);
			dependencies = (
			);
			name = OA;
			productName = faceNote;
			productReference = 5D3DA5E618265C4B008FCB17 /* OA.app */;
			productType = "com.apple.product-type.application";
		};
/* End PBXNativeTarget section */

/* Begin PBXProject section */
		5D3DA5DE18265C4A008FCB17 /* Project object */ = {
			isa = PBXProject;
			attributes = {
				LastUpgradeCheck = 0460;
				ORGANIZATIONNAME = cndatacom;
				TargetAttributes = {
					5D3DA5E518265C4B008FCB17 = {
						DevelopmentTeam = D9KLEDDTR3;
						SystemCapabilities = {
							com.apple.BackgroundModes = {
								enabled = 1;
							};
							com.apple.iCloud = {
								enabled = 1;
							};
						};
					};
				};
			};
			buildConfigurationList = 5D3DA5E118265C4A008FCB17 /* Build configuration list for PBXProject "OA" */;
			compatibilityVersion = "Xcode 3.2";
			developmentRegion = English;
			hasScannedForEncodings = 0;
			knownRegions = (
				en,
				"zh-Hans",
			);
			mainGroup = 5D3DA5DD18265C4A008FCB17;
			productRefGroup = 5D3DA5E718265C4B008FCB17 /* Products */;
			projectDirPath = "";
			projectRoot = "";
			targets = (
				5D3DA5E518265C4B008FCB17 /* OA */,
			);
		};
/* End PBXProject section */

/* Begin PBXResourcesBuildPhase section */
		5D3DA5E418265C4B008FCB17 /* Resources */ = {
			isa = PBXResourcesBuildPhase;
			buildActionMask = 2147483647;
			files = (
				081195571900A9F700C27778 /* icon120.png in Resources */,
				0811955B1900A9F700C27778 /* icon80.png in Resources */,
				0856C53D191E35A600BA6A24 /* listViewIndication@2x.png in Resources */,
				5D3DA5F418265C4B008FCB17 /* InfoPlist.strings in Resources */,
				0831CF551921B07B00EA87B1 /* thumbnilBg@2x.png in Resources */,
				5D3DA5FC18265C4B008FCB17 /* Default.png in Resources */,
				0831CF541921B07B00EA87B1 /* paris70@2x.png in Resources */,
				08A8D121191E1E730098C4EA /* captureViewIndication@2x.png in Resources */,
				0831CF4F1921B07B00EA87B1 /* add@2x.png in Resources */,
				08ECC454191E2DEF00E7615A /* Localizable.strings in Resources */,
				0811955A1900A9F700C27778 /* icon58.png in Resources */,
				0831CF531921B07B00EA87B1 /* dateTitleBg@2x.png in Resources */,
				0831CF511921B07B00EA87B1 /* bg@2x.png in Resources */,
				081195591900A9F700C27778 /* icon57.png in Resources */,
				0831CF521921B07B00EA87B1 /* camera@2x.png in Resources */,
				08231BD61920FAC5007F2B7F /* portrait@2x.png in Resources */,
				0831CF501921B07B00EA87B1 /* balls@2x.png in Resources */,
				5D3DA5FE18265C4B008FCB17 /* Default@2x.png in Resources */,
				5D3DA60018265C4B008FCB17 /* Default-568h@2x.png in Resources */,
				081195561900A9F700C27778 /* icon114.png in Resources */,
				081195581900A9F700C27778 /* icon29.png in Resources */,
				0856C53C191E35A600BA6A24 /* displayViewIndication@2x.png in Resources */,
				5D3DA60618265C4B008FCB17 /* ViewController.xib in Resources */,
				5D1907B51844FFFF00CA19EB /* bg_mv_playpage_process_transparent@2x.png in Resources */,
				5D1907BB1845032400CA19EB /* IMG_0344.PNG in Resources */,
				5D71151A184744FB00D6C77B /* wait@2x.png in Resources */,
				081E0166191F6C2F0055DBC4 /* effier.jpg in Resources */,
				081E0164191F62DF0055DBC4 /* listHeader.png in Resources */,
				5D71151C1847488900D6C77B /* bg_playpage_cover_transparent_mask-layer_iphone5@2x.png in Resources */,
				5DD10F47184DBFEA0009A7E3 /* camera@2x.png in Resources */,
				08A8D11E191E1AE80098C4EA /* close@2x.png in Resources */,
			);
			runOnlyForDeploymentPostprocessing = 0;
		};
/* End PBXResourcesBuildPhase section */

/* Begin PBXSourcesBuildPhase section */
		5D3DA5E218265C4B008FCB17 /* Sources */ = {
			isa = PBXSourcesBuildPhase;
			buildActionMask = 2147483647;
			files = (
				5D4770E51853779900A06C23 /* titleValueView.m in Sources */,
				5D3DA5F618265C4B008FCB17 /* main.m in Sources */,
				5D3DA5FA18265C4B008FCB17 /* AppDelegate.m in Sources */,
				5D3DA60318265C4B008FCB17 /* ViewController.m in Sources */,
				5D71914A18420E9D008725F1 /* listCell.m in Sources */,
				0821B918191B23B6006AB758 /* UICKeyChainStore.m in Sources */,
				081E015F191F5F6C0055DBC4 /* albumListView.m in Sources */,
				081E0162191F5F950055DBC4 /* listHeaderView.m in Sources */,
				5D3DA60E18265E3F008FCB17 /* captureView.m in Sources */,
				0898ABBE19014ABE00268357 /* MBProgressHUD.m in Sources */,
				5D3DA61918269D48008FCB17 /* dataManager.m in Sources */,
				0898ABB81901447000268357 /* funcVC.m in Sources */,
				5D7191471840FF05008725F1 /* albumView.m in Sources */,
				0821B90E191B1ED8006AB758 /* SPLockOverlay.m in Sources */,
				08231BCF192060B9007F2B7F /* photoMetaDataObj.m in Sources */,
				08429957191A36C600E1EDDF /* UIApplication+utility.m in Sources */,
				0821B915191B2281006AB758 /* gestureCodeVerifyView.m in Sources */,
				08A8D11B191E14560098C4EA /* indicationView.m in Sources */,
				5D01EDD518294D52000C3094 /* pageMgrView.m in Sources */,
				0898ABB21901130000268357 /* iAPHelper.m in Sources */,
				5D01EDD81829D7D4000C3094 /* listView.m in Sources */,
				5D1740B518371226000F0673 /* locationMgr.m in Sources */,
				0842994E191A358A00E1EDDF /* settingView.m in Sources */,
				0821B90C191B1ED8006AB758 /* NormalCircle.m in Sources */,
				5DCDC902183CA9490004D18D /* transparentBtn.m in Sources */,
				5DCDC905183CAD650004D18D /* UIApplication+appSize.m in Sources */,
				5D4770E818537DF000A06C23 /* autoSizeLabel.m in Sources */,
				08645EDD190A6D5D005F3025 /* myDocument.m in Sources */,
				5D1907AD184381B000CA19EB /* albumGroup.m in Sources */,
				0866B57B19079EF40056ABB1 /* appInfoObj.m in Sources */,
				5DF7F7441879A6C400A72E94 /* maskView.m in Sources */,
				08429962191A3DD600E1EDDF /* UIColor+utility.m in Sources */,
				0821B914191B2281006AB758 /* gestureCodeSettingView.m in Sources */,
				5D1907B01843826B00CA19EB /* album.m in Sources */,
				5D1907B31844DE9200CA19EB /* UIImage+UIImageScale.m in Sources */,
				5D19080818465CEC00CA19EB /* photoView.m in Sources */,
				0821B90F191B1ED8006AB758 /* SPLockScreen.m in Sources */,
				08429951191A363600E1EDDF /* topbarView.m in Sources */,
				5D19080B18465F0500CA19EB /* photoDisplayView.m in Sources */,
				08320E981914DF1A00066C83 /* thumbImageHelper.m in Sources */,
				08C69C391907E9DF0043D95B /* icloudHelper.m in Sources */,
				5DD10F3B184B6EBF0009A7E3 /* UIImage+BoxBlur.m in Sources */,
				0898ABBB1901476000268357 /* iapVC.m in Sources */,
				081195611900B94A00C27778 /* tipsLabel.m in Sources */,
				081E016A191F74CB0055DBC4 /* photoGroupInfoObj.m in Sources */,
				5D4770EB18540CAA00A06C23 /* photoInfoView.m in Sources */,
				0811955E1900B41500C27778 /* dismissableTips.m in Sources */,
				5DD10F42184B822E0009A7E3 /* maskGlassView.m in Sources */,
				5DD10F45184DBACE0009A7E3 /* listToolBar.m in Sources */,
				5D54DEFF184F777D0061AA46 /* UIImage+blur.m in Sources */,
				08231BD219206175007F2B7F /* photoDataMgr.m in Sources */,
				08429954191A368600E1EDDF /* baseView.m in Sources */,
				5DF934F51851C65B00560259 /* Model.xcdatamodeld in Sources */,
				0821B90D191B1ED8006AB758 /* SPLine.m in Sources */,
				5DF934F81852CA2600560259 /* PhotoInfo.m in Sources */,
			);
			runOnlyForDeploymentPostprocessing = 0;
		};
/* End PBXSourcesBuildPhase section */

/* Begin PBXVariantGroup section */
		08A8D123191E1E730098C4EA /* captureViewIndication@2x.png */ = {
			isa = PBXVariantGroup;
			children = (
				08A8D122191E1E730098C4EA /* en */,
				08A8D124191E1E8F0098C4EA /* zh-Hans */,
			);
			name = "captureViewIndication@2x.png";
			path = faceNote;
			sourceTree = "<group>";
		};
		08ECC456191E2DEF00E7615A /* Localizable.strings */ = {
			isa = PBXVariantGroup;
			children = (
				08ECC455191E2DEF00E7615A /* en */,
				08ECC457191E2DF100E7615A /* zh-Hans */,
			);
			name = Localizable.strings;
			sourceTree = "<group>";
		};
		5D3DA5F218265C4B008FCB17 /* InfoPlist.strings */ = {
			isa = PBXVariantGroup;
			children = (
				5D3DA5F318265C4B008FCB17 /* en */,
				0842995E191A3C5000E1EDDF /* zh-Hans */,
			);
			name = InfoPlist.strings;
			sourceTree = "<group>";
		};
		5D3DA60418265C4B008FCB17 /* ViewController.xib */ = {
			isa = PBXVariantGroup;
			children = (
				5D3DA60518265C4B008FCB17 /* en */,
				0842995D191A3C5000E1EDDF /* zh-Hans */,
			);
			name = ViewController.xib;
			sourceTree = "<group>";
		};
/* End PBXVariantGroup section */

/* Begin XCBuildConfiguration section */
		5D3DA60718265C4B008FCB17 /* Debug */ = {
			isa = XCBuildConfiguration;
			buildSettings = {
				ALWAYS_SEARCH_USER_PATHS = NO;
				CLANG_CXX_LANGUAGE_STANDARD = "gnu++0x";
				CLANG_CXX_LIBRARY = "libc++";
				CLANG_WARN_CONSTANT_CONVERSION = YES;
				CLANG_WARN_EMPTY_BODY = YES;
				CLANG_WARN_ENUM_CONVERSION = YES;
				CLANG_WARN_INT_CONVERSION = YES;
				CLANG_WARN__DUPLICATE_METHOD_MATCH = YES;
				"CODE_SIGN_IDENTITY[sdk=iphoneos*]" = "iPhone Developer";
				COPY_PHASE_STRIP = NO;
				GCC_C_LANGUAGE_STANDARD = gnu99;
				GCC_DYNAMIC_NO_PIC = NO;
				GCC_OPTIMIZATION_LEVEL = 0;
				GCC_PREPROCESSOR_DEFINITIONS = (
					"DEBUG=1",
					"$(inherited)",
				);
				GCC_SYMBOLS_PRIVATE_EXTERN = NO;
				GCC_WARN_ABOUT_RETURN_TYPE = YES;
				GCC_WARN_UNINITIALIZED_AUTOS = YES;
				GCC_WARN_UNUSED_VARIABLE = YES;
				IPHONEOS_DEPLOYMENT_TARGET = 6.1;
				ONLY_ACTIVE_ARCH = YES;
				SDKROOT = iphoneos;
			};
			name = Debug;
		};
		5D3DA60818265C4B008FCB17 /* Release */ = {
			isa = XCBuildConfiguration;
			buildSettings = {
				ALWAYS_SEARCH_USER_PATHS = NO;
				CLANG_CXX_LANGUAGE_STANDARD = "gnu++0x";
				CLANG_CXX_LIBRARY = "libc++";
				CLANG_WARN_CONSTANT_CONVERSION = YES;
				CLANG_WARN_EMPTY_BODY = YES;
				CLANG_WARN_ENUM_CONVERSION = YES;
				CLANG_WARN_INT_CONVERSION = YES;
				CLANG_WARN__DUPLICATE_METHOD_MATCH = YES;
				"CODE_SIGN_IDENTITY[sdk=iphoneos*]" = "iPhone Developer";
				COPY_PHASE_STRIP = YES;
				GCC_C_LANGUAGE_STANDARD = gnu99;
				GCC_WARN_ABOUT_RETURN_TYPE = YES;
				GCC_WARN_UNINITIALIZED_AUTOS = YES;
				GCC_WARN_UNUSED_VARIABLE = YES;
				IPHONEOS_DEPLOYMENT_TARGET = 6.1;
				OTHER_CFLAGS = "-DNS_BLOCK_ASSERTIONS=1";
				SDKROOT = iphoneos;
				VALIDATE_PRODUCT = YES;
			};
			name = Release;
		};
		5D3DA60A18265C4B008FCB17 /* Debug */ = {
			isa = XCBuildConfiguration;
			buildSettings = {
				CODE_SIGN_ENTITLEMENTS = faceNote/faceNote.entitlements;
				CODE_SIGN_IDENTITY = "iPhone Developer";
				"CODE_SIGN_IDENTITY[sdk=iphoneos*]" = "iPhone Developer";
				GCC_PRECOMPILE_PREFIX_HEADER = YES;
				GCC_PREFIX_HEADER = "faceNote/OA-Prefix.pch";
				INFOPLIST_FILE = "faceNote/OA-Info.plist";
				IPHONEOS_DEPLOYMENT_TARGET = 6.0;
				PRODUCT_NAME = OA;
				PROVISIONING_PROFILE = "20D36E48-ED60-44F0-9709-1BAD10C2ED08";
				"PROVISIONING_PROFILE[sdk=iphoneos*]" = "20D36E48-ED60-44F0-9709-1BAD10C2ED08";
				TARGETED_DEVICE_FAMILY = 1;
				WRAPPER_EXTENSION = app;
			};
			name = Debug;
		};
		5D3DA60B18265C4B008FCB17 /* Release */ = {
			isa = XCBuildConfiguration;
			buildSettings = {
				CODE_SIGN_ENTITLEMENTS = faceNote/faceNote.entitlements;
				CODE_SIGN_IDENTITY = "iPhone Distribution: JingLong Lin (D9KLEDDTR3)";
				"CODE_SIGN_IDENTITY[sdk=iphoneos*]" = "iPhone Distribution: JingLong Lin (D9KLEDDTR3)";
				GCC_PRECOMPILE_PREFIX_HEADER = YES;
				GCC_PREFIX_HEADER = "faceNote/OA-Prefix.pch";
				INFOPLIST_FILE = "faceNote/OA-Info.plist";
				IPHONEOS_DEPLOYMENT_TARGET = 6.0;
				PRODUCT_NAME = OA;
				PROVISIONING_PROFILE = "A6D70FB4-D325-42B8-9AFC-65876CA7AD12";
				"PROVISIONING_PROFILE[sdk=iphoneos*]" = "A6D70FB4-D325-42B8-9AFC-65876CA7AD12";
				TARGETED_DEVICE_FAMILY = 1;
				WRAPPER_EXTENSION = app;
			};
			name = Release;
		};
/* End XCBuildConfiguration section */

/* Begin XCConfigurationList section */
		5D3DA5E118265C4A008FCB17 /* Build configuration list for PBXProject "OA" */ = {
			isa = XCConfigurationList;
			buildConfigurations = (
				5D3DA60718265C4B008FCB17 /* Debug */,
				5D3DA60818265C4B008FCB17 /* Release */,
			);
			defaultConfigurationIsVisible = 0;
			defaultConfigurationName = Release;
		};
		5D3DA60918265C4B008FCB17 /* Build configuration list for PBXNativeTarget "OA" */ = {
			isa = XCConfigurationList;
			buildConfigurations = (
				5D3DA60A18265C4B008FCB17 /* Debug */,
				5D3DA60B18265C4B008FCB17 /* Release */,
			);
			defaultConfigurationIsVisible = 0;
			defaultConfigurationName = Release;
		};
/* End XCConfigurationList section */

/* Begin XCVersionGroup section */
		5DF934F31851C65B00560259 /* Model.xcdatamodeld */ = {
			isa = XCVersionGroup;
			children = (
				5DF934F41851C65B00560259 /* Model.xcdatamodel */,
			);
			currentVersion = 5DF934F41851C65B00560259 /* Model.xcdatamodel */;
			path = Model.xcdatamodeld;
			sourceTree = "<group>";
			versionGroupType = wrapper.xcdatamodel;
		};
/* End XCVersionGroup section */
	};
	rootObject = 5D3DA5DE18265C4A008FCB17 /* Project object */;
}
